{
  "object": {
    "pins": [
      {
        "package": "arcgis-runtime-ios",
        "repositoryURL": "https://github.com/esri/arcgis-runtime-ios",
        "state": {
          "branch": "main",
          "revision": "34f1fad8569d91d2789cab485761e16b79b1c8c1",
          "version": null
        }
      }
    ]
  },
  "version": 1
}
